PODS:
  - Flutter (1.0.0)
  - flutter_media (0.0.1):
    - Flutter

DEPENDENCIES:
  - Flutter (from `Flutter`)
  - flutter_media (from `.symlinks/plugins/flutter_media/ios`)

EXTERNAL SOURCES:
  Flutter:
    :path: Flutter
  flutter_media:
    :path: ".symlinks/plugins/flutter_media/ios"

SPEC CHECKSUMS:
  Flutter: 0e3d915762c693b495b44d77113d4970485de6ec
  flutter_media: c034671db1b538306973c1f101ba7fc4efee0f1b

PODFILE CHECKSUM: 1b66dae606f75376c5f2135a8290850eeb09ae83

COCOAPODS: 1.8.4
